
Microsoft Visual Studio Solution File, Format Version 12.00
# Visual Studio Version 16
VisualStudioVersion = 16.0.31313.79
MinimumVisualStudioVersion = 10.0.40219.1
Project("{FAE04EC0-301F-11D3-BF4B-00C04F79EFBC}") = "Tema5", "Tema5\Tema5.csproj", "{469C0D74-F6F1-452B-B900-CEA8F3053024}"
EndProject
Project("{FAE04EC0-301F-11D3-BF4B-00C04F79EFBC}") = "Tema5Data", "Tema5Data\Tema5Data.csproj", "{ED2AF1A3-0CEE-4D8F-997A-BD19E0A738EB}"
EndProject
Project("{FAE04EC0-301F-11D3-BF4B-00C04F79EFBC}") = "Tema5Business", "Tema5Business\Tema5Business.csproj", "{235E3D9D-6AEE-4CF6-95BF-116A06BD693A}"
EndProject
Global
	GlobalSection(SolutionConfigurationPlatforms) = preSolution
		Debug|Any CPU = Debug|Any CPU
		Release|Any CPU = Release|Any CPU
	EndGlobalSection
	GlobalSection(ProjectConfigurationPlatforms) = postSolution
		{469C0D74-F6F1-452B-B900-CEA8F3053024}.Debug|Any CPU.ActiveCfg = Debug|Any CPU
		{469C0D74-F6F1-452B-B900-CEA8F3053024}.Debug|Any CPU.Build.0 = Debug|Any CPU
		{469C0D74-F6F1-452B-B900-CEA8F3053024}.Release|Any CPU.ActiveCfg = Release|Any CPU
		{469C0D74-F6F1-452B-B900-CEA8F3053024}.Release|Any CPU.Build.0 = Release|Any CPU
		{ED2AF1A3-0CEE-4D8F-997A-BD19E0A738EB}.Debug|Any CPU.ActiveCfg = Debug|Any CPU
		{ED2AF1A3-0CEE-4D8F-997A-BD19E0A738EB}.Debug|Any CPU.Build.0 = Debug|Any CPU
		{ED2AF1A3-0CEE-4D8F-997A-BD19E0A738EB}.Release|Any CPU.ActiveCfg = Release|Any CPU
		{ED2AF1A3-0CEE-4D8F-997A-BD19E0A738EB}.Release|Any CPU.Build.0 = Release|Any CPU
		{235E3D9D-6AEE-4CF6-95BF-116A06BD693A}.Debug|Any CPU.ActiveCfg = Debug|Any CPU
		{235E3D9D-6AEE-4CF6-95BF-116A06BD693A}.Debug|Any CPU.Build.0 = Debug|Any CPU
		{235E3D9D-6AEE-4CF6-95BF-116A06BD693A}.Release|Any CPU.ActiveCfg = Release|Any CPU
		{235E3D9D-6AEE-4CF6-95BF-116A06BD693A}.Release|Any CPU.Build.0 = Release|Any CPU
	EndGlobalSection
	GlobalSection(SolutionProperties) = preSolution
		HideSolutionNode = FALSE
	EndGlobalSection
	GlobalSection(ExtensibilityGlobals) = postSolution
		SolutionGuid = {FEB06C86-2879-4702-AEC7-F4F903E4D1C9}
	EndGlobalSection
EndGlobal
